// !$*UTF8*$!
{
	archiveVersion = 1;
	classes = {
	};
	objectVersion = 77;
	objects = {

/* Begin PBXContainerItemProxy section */
		CF0933F42EE85BF8009F9959 /* PBXContainerItemProxy */ = {
			isa = PBXContainerItemProxy;
			containerPortal = CF0933D92EE85BF6009F9959 /* Project object */;
			proxyType = 1;
			remoteGlobalIDString = CF0933E02EE85BF7009F9959;
			remoteInfo = SuperPay;
		};
		CF0933FE2EE85BF8009F9959 /* PBXContainerItemProxy */ = {
			isa = PBXContainerItemProxy;
			containerPortal = CF0933D92EE85BF6009F9959 /* Project object */;
			proxyType = 1;
			remoteGlobalIDString = CF0933E02EE85BF7009F9959;
			remoteInfo = SuperPay;
		};
/* End PBXContainerItemProxy section */

/* Begin PBXFileReference section */
		CF0933E12EE85BF7009F9959 /* SuperPay.app */ = {isa = PBXFileReference; explicitFileType = wrapper.application; includeInIndex = 0; path = SuperPay.app; sourceTree = BUILT_PRODUCTS_DIR; };
		CF0933F32EE85BF8009F9959 /* SuperPayTests.xctest */ = {isa = PBXFileReference; explicitFileType = wrapper.cfbundle; includeInIndex = 0; path = SuperPayTests.xctest; sourceTree = BUILT_PRODUCTS_DIR; };
		CF0933FD2EE85BF8009F9959 /* SuperPayUITests.xctest */ = {isa = PBXFileReference; explicitFileType = wrapper.cfbundle; includeInIndex = 0; path = SuperPayUITests.xctest; sourceTree = BUILT_PRODUCTS_DIR; };
/* End PBXFileReference section */

/* Begin PBXFileSystemSynchronizedRootGroup section */
		CF0933E32EE85BF7009F9959 /* SuperPay */ = {
			isa = PBXFileSystemSynchronizedRootGroup;
			path = SuperPay;
			sourceTree = "<group>";
		};
		CF0933F62EE85BF8009F9959 /* SuperPayTests */ = {
			isa = PBXFileSystemSynchronizedRootGroup;
			path = SuperPayTests;
			sourceTree = "<group>";
		};
		CF0934002EE85BF8009F9959 /* SuperPayUITests */ = {
			isa = PBXFileSystemSynchronizedRootGroup;
			path = SuperPayUITests;
			sourceTree = "<group>";
		};
/* End PBXFileSystemSynchronizedRootGroup section */

/* Begin PBXFrameworksBuildPhase section */
		CF0933DE2EE85BF7009F9959 /* Frameworks */ = {
			isa = PBXFrameworksBuildPhase;
			buildActionMask = 2147483647;
			files = (
			);
			runOnlyForDeploymentPostprocessing = 0;
		};
		CF0933F02EE85BF8009F9959 /* Frameworks */ = {
			isa = PBXFrameworksBuildPhase;
			buildActionMask = 2147483647;
			files = (
			);
			runOnlyForDeploymentPostprocessing = 0;
		};
		CF0933FA2EE85BF8009F9959 /* Frameworks */ = {
			isa = PBXFrameworksBuildPhase;
			buildActionMask = 2147483647;
			files = (
			);
			runOnlyForDeploymentPostprocessing = 0;
		};
/* End PBXFrameworksBuildPhase section */

/* Begin PBXGroup section */
		CF0933D82EE85BF6009F9959 = {
			isa = PBXGroup;
			children = (
				CF0933E32EE85BF7009F9959 /* SuperPay */,
				CF0933F62EE85BF8009F9959 /* SuperPayTests */,
				CF0934002EE85BF8009F9959 /* SuperPayUITests */,
				CF0933E22EE85BF7009F9959 /* Products */,
			);
			sourceTree = "<group>";
		};
		CF0933E22EE85BF7009F9959 /* Products */ = {
			isa = PBXGroup;
			children = (
				CF0933E12EE85BF7009F9959 /* SuperPay.app */,
				CF0933F32EE85BF8009F9959 /* SuperPayTests.xctest */,
				CF0933FD2EE85BF8009F9959 /* SuperPayUITests.xctest */,
			);
			name = Products;
			sourceTree = "<group>";
		};
/* End PBXGroup section */

/* Begin PBXNativeTarget section */
		CF0933E02EE85BF7009F9959 /* SuperPay */ = {
			isa = PBXNativeTarget;
			buildConfigurationList = CF0934072EE85BF8009F9959 /* Build configuration list for PBXNativeTarget "SuperPay" */;
			buildPhases = (
				CF0933DD2EE85BF7009F9959 /* Sources */,
				CF0933DE2EE85BF7009F9959 /* Frameworks */,
				CF0933DF2EE85BF7009F9959 /* Resources */,
			);
			buildRules = (
			);
			dependencies = (
			);
			fileSystemSynchronizedGroups = (
				CF0933E32EE85BF7009F9959 /* SuperPay */,
			);
			name = SuperPay;
			packageProductDependencies = (
			);
			productName = SuperPay;
			productReference = CF0933E12EE85BF7009F9959 /* SuperPay.app */;
			productType = "com.apple.product-type.application";
		};
		CF0933F22EE85BF8009F9959 /* SuperPayTests */ = {
			isa = PBXNativeTarget;
			buildConfigurationList = CF09340A2EE85BF8009F9959 /* Build configuration list for PBXNativeTarget "SuperPayTests" */;
			buildPhases = (
				CF0933EF2EE85BF8009F9959 /* Sources */,
				CF0933F02EE85BF8009F9959 /* Frameworks */,
				CF0933F12EE85BF8009F9959 /* Resources */,
			);
			buildRules = (
			);
			dependencies = (
				CF0933F52EE85BF8009F9959 /* PBXTargetDependency */,
			);
			fileSystemSynchronizedGroups = (
				CF0933F62EE85BF8009F9959 /* SuperPayTests */,
			);
			name = SuperPayTests;
			packageProductDependencies = (
			);
			productName = SuperPayTests;
			productReference = CF0933F32EE85BF8009F9959 /* SuperPayTests.xctest */;
			productType = "com.apple.product-type.bundle.unit-test";
		};
		CF0933FC2EE85BF8009F9959 /* SuperPayUITests */ = {
			isa = PBXNativeTarget;
			buildConfigurationList = CF09340D2EE85BF8009F9959 /* Build configuration list for PBXNativeTarget "SuperPayUITests" */;
			buildPhases = (
				CF0933F92EE85BF8009F9959 /* Sources */,
				CF0933FA2EE85BF8009F9959 /* Frameworks */,
				CF0933FB2EE85BF8009F9959 /* Resources */,
			);
			buildRules = (
			);
			dependencies = (
				CF0933FF2EE85BF8009F9959 /* PBXTargetDependency */,
			);
			fileSystemSynchronizedGroups = (
				CF0934002EE85BF8009F9959 /* SuperPayUITests */,
			);
			name = SuperPayUITests;
			packageProductDependencies = (
			);
			productName = SuperPayUITests;
			productReference = CF0933FD2EE85BF8009F9959 /* SuperPayUITests.xctest */;
			productType = "com.apple.product-type.bundle.ui-testing";
		};
/* End PBXNativeTarget section */

/* Begin PBXProject section */
		CF0933D92EE85BF6009F9959 /* Project object */ = {
			isa = PBXProject;
			attributes = {
				BuildIndependentTargetsInParallel = 1;
				LastSwiftUpdateCheck = 1620;
				LastUpgradeCheck = 1620;
				TargetAttributes = {
					CF0933E02EE85BF7009F9959 = {
						CreatedOnToolsVersion = 16.2;
					};
					CF0933F22EE85BF8009F9959 = {
						CreatedOnToolsVersion = 16.2;
						TestTargetID = CF0933E02EE85BF7009F9959;
					};
					CF0933FC2EE85BF8009F9959 = {
						CreatedOnToolsVersion = 16.2;
						TestTargetID = CF0933E02EE85BF7009F9959;
					};
				};
			};
			buildConfigurationList = CF0933DC2EE85BF6009F9959 /* Build configuration list for PBXProject "SuperPay" */;
			developmentRegion = en;
			hasScannedForEncodings = 0;
			knownRegions = (
				en,
				Base,
			);
			mainGroup = CF0933D82EE85BF6009F9959;
			minimizedProjectReferenceProxies = 1;
			preferredProjectObjectVersion = 77;
			productRefGroup = CF0933E22EE85BF7009F9959 /* Products */;
			projectDirPath = "";
			projectRoot = "";
			targets = (
				CF0933E02EE85BF7009F9959 /* SuperPay */,
				CF0933F22EE85BF8009F9959 /* SuperPayTests */,
				CF0933FC2EE85BF8009F9959 /* SuperPayUITests */,
			);
		};
/* End PBXProject section */

/* Begin PBXResourcesBuildPhase section */
		CF0933DF2EE85BF7009F9959 /* Resources */ = {
			isa = PBXResourcesBuildPhase;
			buildActionMask = 2147483647;
			files = (
			);
			runOnlyForDeploymentPostprocessing = 0;
		};
		CF0933F12EE85BF8009F9959 /* Resources */ = {
			isa = PBXResourcesBuildPhase;
			buildActionMask = 2147483647;
			files = (
			);
			runOnlyForDeploymentPostprocessing = 0;
		};
		CF0933FB2EE85BF8009F9959 /* Resources */ = {
			isa = PBXResourcesBuildPhase;
			buildActionMask = 2147483647;
			files = (
			);
			runOnlyForDeploymentPostprocessing = 0;
		};
/* End PBXResourcesBuildPhase section */

/* Begin PBXSourcesBuildPhase section */
		CF0933DD2EE85BF7009F9959 /* Sources */ = {
			isa = PBXSourcesBuildPhase;
			buildActionMask = 2147483647;
			files = (
			);
			runOnlyForDeploymentPostprocessing = 0;
		};
		CF0933EF2EE85BF8009F9959 /* Sources */ = {
			isa = PBXSourcesBuildPhase;
			buildActionMask = 2147483647;
			files = (
			);
			runOnlyForDeploymentPostprocessing = 0;
		};
		CF0933F92EE85BF8009F9959 /* Sources */ = {
			isa = PBXSourcesBuildPhase;
			buildActionMask = 2147483647;
			files = (
			);
			runOnlyForDeploymentPostprocessing = 0;
		};
/* End PBXSourcesBuildPhase section */

/* Begin PBXTargetDependency section */
		CF0933F52EE85BF8009F9959 /* PBXTargetDependency */ = {
			isa = PBXTargetDependency;
			target = CF0933E02EE85BF7009F9959 /* SuperPay */;
			targetProxy = CF0933F42EE85BF8009F9959 /* PBXContainerItemProxy */;
		};
		CF0933FF2EE85BF8009F9959 /* PBXTargetDependency */ = {
			isa = PBXTargetDependency;
			target = CF0933E02EE85BF7009F9959 /* SuperPay */;
			targetProxy = CF0933FE2EE85BF8009F9959 /* PBXContainerItemProxy */;
		};
/* End PBXTargetDependency section */

/* Begin XCBuildConfiguration section */
		CF0934052EE85BF8009F9959 /* Debug */ = {
			isa = XCBuildConfiguration;
			buildSettings = {
				ALWAYS_SEARCH_USER_PATHS = NO;
				ASSETCATALOG_COMPILER_GENERATE_SWIFT_ASSET_SYMBOL_EXTENSIONS = YES;
				CLANG_ANALYZER_NONNULL = YES;
				CLANG_ANALYZER_NUMBER_OBJECT_CONVERSION = YES_AGGRESSIVE;
				CLANG_CXX_LANGUAGE_STANDARD = "gnu++20";
				CLANG_ENABLE_MODULES = YES;
				CLANG_ENABLE_OBJC_ARC = YES;
				CLANG_ENABLE_OBJC_WEAK = YES;
				CLANG_WARN_BLOCK_CAPTURE_AUTORELEASING = YES;
				CLANG_WARN_BOOL_CONVERSION = YES;
				CLANG_WARN_COMMA = YES;
				CLANG_WARN_CONSTANT_CONVERSION = YES;
				CLANG_WARN_DEPRECATED_OBJC_IMPLEMENTATIONS = YES;
				CLANG_WARN_DIRECT_OBJC_ISA_USAGE = YES_ERROR;
				CLANG_WARN_DOCUMENTATION_COMMENTS = YES;
				CLANG_WARN_EMPTY_BODY = YES;
				CLANG_WARN_ENUM_CONVERSION = YES;
				CLANG_WARN_INFINITE_RECURSION = YES;
				CLANG_WARN_INT_CONVERSION = YES;
				CLANG_WARN_NON_LITERAL_NULL_CONVERSION = YES;
				CLANG_WARN_OBJC_IMPLICIT_RETAIN_SELF = YES;
				CLANG_WARN_OBJC_LITERAL_CONVERSION = YES;
				CLANG_WARN_OBJC_ROOT_CLASS = YES_ERROR;
				CLANG_WARN_QUOTED_INCLUDE_IN_FRAMEWORK_HEADER = YES;
				CLANG_WARN_RANGE_LOOP_ANALYSIS = YES;
				CLANG_WARN_STRICT_PROTOTYPES = YES;
				CLANG_WARN_SUSPICIOUS_MOVE = YES;
				CLANG_WARN_UNGUARDED_AVAILABILITY = YES_AGGRESSIVE;
				CLANG_WARN_UNREACHABLE_CODE = YES;
				CLANG_WARN__DUPLICATE_METHOD_MATCH = YES;
				COPY_PHASE_STRIP = NO;
				DEBUG_INFORMATION_FORMAT = dwarf;
				ENABLE_STRICT_OBJC_MSGSEND = YES;
				ENABLE_TESTABILITY = YES;
				ENABLE_USER_SCRIPT_SANDBOXING = YES;
				GCC_C_LANGUAGE_STANDARD = gnu17;
				GCC_DYNAMIC_NO_PIC = NO;
				GCC_NO_COMMON_BLOCKS = YES;
				GCC_OPTIMIZATION_LEVEL = 0;
				GCC_PREPROCESSOR_DEFINITIONS = (
					"DEBUG=1",
					"$(inherited)",
				);
				GCC_WARN_64_TO_32_BIT_CONVERSION = YES;
				GCC_WARN_ABOUT_RETURN_TYPE = YES_ERROR;
				GCC_WARN_UNDECLARED_SELECTOR = YES;
				GCC_WARN_UNINITIALIZED_AUTOS = YES_AGGRESSIVE;
				GCC_WARN_UNUSED_FUNCTION = YES;
				GCC_WARN_UNUSED_VARIABLE = YES;
				IPHONEOS_DEPLOYMENT_TARGET = 18.2;
				LOCALIZATION_PREFERS_STRING_CATALOGS = YES;
				MTL_ENABLE_DEBUG_INFO = INCLUDE_SOURCE;
				MTL_FAST_MATH = YES;
				ONLY_ACTIVE_ARCH = YES;
				SDKROOT = iphoneos;
				SWIFT_ACTIVE_COMPILATION_CONDITIONS = "DEBUG $(inherited)";
				SWIFT_OPTIMIZATION_LEVEL = "-Onone";
			};
			name = Debug;
		};
		CF0934062EE85BF8009F9959 /* Release */ = {
			isa = XCBuildConfiguration;
			buildSettings = {
				ALWAYS_SEARCH_USER_PATHS = NO;
				ASSETCATALOG_COMPILER_GENERATE_SWIFT_ASSET_SYMBOL_EXTENSIONS = YES;
				CLANG_ANALYZER_NONNULL = YES;
				CLANG_ANALYZER_NUMBER_OBJECT_CONVERSION = YES_AGGRESSIVE;
				CLANG_CXX_LANGUAGE_STANDARD = "gnu++20";
				CLANG_ENABLE_MODULES = YES;
				CLANG_ENABLE_OBJC_ARC = YES;
				CLANG_ENABLE_OBJC_WEAK = YES;
				CLANG_WARN_BLOCK_CAPTURE_AUTORELEASING = YES;
				CLANG_WARN_BOOL_CONVERSION = YES;
				CLANG_WARN_COMMA = YES;
				CLANG_WARN_CONSTANT_CONVERSION = YES;
				CLANG_WARN_DEPRECATED_OBJC_IMPLEMENTATIONS = YES;
				CLANG_WARN_DIRECT_OBJC_ISA_USAGE = YES_ERROR;
				CLANG_WARN_DOCUMENTATION_COMMENTS = YES;
				CLANG_WARN_EMPTY_BODY = YES;
				CLANG_WARN_ENUM_CONVERSION = YES;
				CLANG_WARN_INFINITE_RECURSION = YES;
				CLANG_WARN_INT_CONVERSION = YES;
				CLANG_WARN_NON_LITERAL_NULL_CONVERSION = YES;
				CLANG_WARN_OBJC_IMPLICIT_RETAIN_SELF = YES;
				CLANG_WARN_OBJC_LITERAL_CONVERSION = YES;
				CLANG_WARN_OBJC_ROOT_CLASS = YES_ERROR;
				CLANG_WARN_QUOTED_INCLUDE_IN_FRAMEWORK_HEADER = YES;
				CLANG_WARN_RANGE_LOOP_ANALYSIS = YES;
				CLANG_WARN_STRICT_PROTOTYPES = YES;
				CLANG_WARN_SUSPICIOUS_MOVE = YES;
				CLANG_WARN_UNGUARDED_AVAILABILITY = YES_AGGRESSIVE;
				CLANG_WARN_UNREACHABLE_CODE = YES;
				CLANG_WARN__DUPLICATE_METHOD_MATCH = YES;
				COPY_PHASE_STRIP = NO;
				DEBUG_INFORMATION_FORMAT = "dwarf-with-dsym";
				ENABLE_NS_ASSERTIONS = NO;
				ENABLE_STRICT_OBJC_MSGSEND = YES;
				ENABLE_USER_SCRIPT_SANDBOXING = YES;
				GCC_C_LANGUAGE_STANDARD = gnu17;
				GCC_NO_COMMON_BLOCKS = YES;
				GCC_WARN_64_TO_32_BIT_CONVERSION = YES;
				GCC_WARN_ABOUT_RETURN_TYPE = YES_ERROR;
				GCC_WARN_UNDECLARED_SELECTOR = YES;
				GCC_WARN_UNINITIALIZED_AUTOS = YES_AGGRESSIVE;
				GCC_WARN_UNUSED_FUNCTION = YES;
				GCC_WARN_UNUSED_VARIABLE = YES;
				IPHONEOS_DEPLOYMENT_TARGET = 18.2;
				LOCALIZATION_PREFERS_STRING_CATALOGS = YES;
				MTL_ENABLE_DEBUG_INFO = NO;
				MTL_FAST_MATH = YES;
				SDKROOT = iphoneos;
				SWIFT_COMPILATION_MODE = wholemodule;
				VALIDATE_PRODUCT = YES;
			};
			name = Release;
		};
		CF0934082EE85BF8009F9959 /* Debug */ = {
			isa = XCBuildConfiguration;
			buildSettings = {
				ASSETCATALOG_COMPILER_APPICON_NAME = AppIcon;
				ASSETCATALOG_COMPILER_GLOBAL_ACCENT_COLOR_NAME = AccentColor;
				CODE_SIGN_STYLE = Automatic;
				CURRENT_PROJECT_VERSION = 1;
				DEVELOPMENT_ASSET_PATHS = "\"SuperPay/Preview Content\"";
				DEVELOPMENT_TEAM = ZFV6TDDM8J;
				ENABLE_PREVIEWS = YES;
				GENERATE_INFOPLIST_FILE = YES;
				INFOPLIST_KEY_UIApplicationSceneManifest_Generation = YES;
				INFOPLIST_KEY_UIApplicationSupportsIndirectInputEvents = YES;
				INFOPLIST_KEY_UILaunchScreen_Generation = YES;
				INFOPLIST_KEY_UISupportedInterfaceOrientations_iPad = "UIInterfaceOrientationPortrait UIInterfaceOrientationPortraitUpsideDown UIInterfaceOrientationLandscapeLeft UIInterfaceOrientationLandscapeRight";
				INFOPLIST_KEY_UISupportedInterfaceOrientations_iPhone = "UIInterfaceOrientationPortrait UIInterfaceOrientationLandscapeLeft UIInterfaceOrientationLandscapeRight";
				LD_RUNPATH_SEARCH_PATHS = (
					"$(inherited)",
					"@executable_path/Frameworks",
				);
				MARKETING_VERSION = 1.0;
				PRODUCT_BUNDLE_IDENTIFIER = com.rakesh.SuperPay;
				PRODUCT_NAME = "$(TARGET_NAME)";
				SWIFT_EMIT_LOC_STRINGS = YES;
				SWIFT_VERSION = 5.0;
				TARGETED_DEVICE_FAMILY = "1,2";
			};
			name = Debug;
		};
		CF0934092EE85BF8009F9959 /* Release */ = {
			isa = XCBuildConfiguration;
			buildSettings = {
				ASSETCATALOG_COMPILER_APPICON_NAME = AppIcon;
				ASSETCATALOG_COMPILER_GLOBAL_ACCENT_COLOR_NAME = AccentColor;
				CODE_SIGN_STYLE = Automatic;
				CURRENT_PROJECT_VERSION = 1;
				DEVELOPMENT_ASSET_PATHS = "\"SuperPay/Preview Content\"";
				DEVELOPMENT_TEAM = ZFV6TDDM8J;
				ENABLE_PREVIEWS = YES;
				GENERATE_INFOPLIST_FILE = YES;
				INFOPLIST_KEY_UIApplicationSceneManifest_Generation = YES;
				INFOPLIST_KEY_UIApplicationSupportsIndirectInputEvents = YES;
				INFOPLIST_KEY_UILaunchScreen_Generation = YES;
				INFOPLIST_KEY_UISupportedInterfaceOrientations_iPad = "UIInterfaceOrientationPortrait UIInterfaceOrientationPortraitUpsideDown UIInterfaceOrientationLandscapeLeft UIInterfaceOrientationLandscapeRight";
				INFOPLIST_KEY_UISupportedInterfaceOrientations_iPhone = "UIInterfaceOrientationPortrait UIInterfaceOrientationLandscapeLeft UIInterfaceOrientationLandscapeRight";
				LD_RUNPATH_SEARCH_PATHS = (
					"$(inherited)",
					"@executable_path/Frameworks",
				);
				MARKETING_VERSION = 1.0;
				PRODUCT_BUNDLE_IDENTIFIER = com.rakesh.SuperPay;
				PRODUCT_NAME = "$(TARGET_NAME)";
				SWIFT_EMIT_LOC_STRINGS = YES;
				SWIFT_VERSION = 5.0;
				TARGETED_DEVICE_FAMILY = "1,2";
			};
			name = Release;
		};
		CF09340B2EE85BF8009F9959 /* Debug */ = {
			isa = XCBuildConfiguration;
			buildSettings = {
				BUNDLE_LOADER = "$(TEST_HOST)";
				CODE_SIGN_STYLE = Automatic;
				CURRENT_PROJECT_VERSION = 1;
				DEVELOPMENT_TEAM = ZFV6TDDM8J;
				GENERATE_INFOPLIST_FILE = YES;
				IPHONEOS_DEPLOYMENT_TARGET = 18.2;
				MARKETING_VERSION = 1.0;
				PRODUCT_BUNDLE_IDENTIFIER = com.rakesh.SuperPayTests;
				PRODUCT_NAME = "$(TARGET_NAME)";
				SWIFT_EMIT_LOC_STRINGS = NO;
				SWIFT_VERSION = 5.0;
				TARGETED_DEVICE_FAMILY = "1,2";
				TEST_HOST = "$(BUILT_PRODUCTS_DIR)/SuperPay.app/$(BUNDLE_EXECUTABLE_FOLDER_PATH)/SuperPay";
			};
			name = Debug;
		};
		CF09340C2EE85BF8009F9959 /* Release */ = {
			isa = XCBuildConfiguration;
			buildSettings = {
				BUNDLE_LOADER = "$(TEST_HOST)";
				CODE_SIGN_STYLE = Automatic;
				CURRENT_PROJECT_VERSION = 1;
				DEVELOPMENT_TEAM = ZFV6TDDM8J;
				GENERATE_INFOPLIST_FILE = YES;
				IPHONEOS_DEPLOYMENT_TARGET = 18.2;
				MARKETING_VERSION = 1.0;
				PRODUCT_BUNDLE_IDENTIFIER = com.rakesh.SuperPayTests;
				PRODUCT_NAME = "$(TARGET_NAME)";
				SWIFT_EMIT_LOC_STRINGS = NO;
				SWIFT_VERSION = 5.0;
				TARGETED_DEVICE_FAMILY = "1,2";
				TEST_HOST = "$(BUILT_PRODUCTS_DIR)/SuperPay.app/$(BUNDLE_EXECUTABLE_FOLDER_PATH)/SuperPay";
			};
			name = Release;
		};
		CF09340E2EE85BF8009F9959 /* Debug */ = {
			isa = XCBuildConfiguration;
			buildSettings = {
				CODE_SIGN_STYLE = Automatic;
				CURRENT_PROJECT_VERSION = 1;
				DEVELOPMENT_TEAM = ZFV6TDDM8J;
				GENERATE_INFOPLIST_FILE = YES;
				MARKETING_VERSION = 1.0;
				PRODUCT_BUNDLE_IDENTIFIER = com.rakesh.SuperPayUITests;
				PRODUCT_NAME = "$(TARGET_NAME)";
				SWIFT_EMIT_LOC_STRINGS = NO;
				SWIFT_VERSION = 5.0;
				TARGETED_DEVICE_FAMILY = "1,2";
				TEST_TARGET_NAME = SuperPay;
			};
			name = Debug;
		};
		CF09340F2EE85BF8009F9959 /* Release */ = {
			isa = XCBuildConfiguration;
			buildSettings = {
				CODE_SIGN_STYLE = Automatic;
				CURRENT_PROJECT_VERSION = 1;
				DEVELOPMENT_TEAM = ZFV6TDDM8J;
				GENERATE_INFOPLIST_FILE = YES;
				MARKETING_VERSION = 1.0;
				PRODUCT_BUNDLE_IDENTIFIER = com.rakesh.SuperPayUITests;
				PRODUCT_NAME = "$(TARGET_NAME)";
				SWIFT_EMIT_LOC_STRINGS = NO;
				SWIFT_VERSION = 5.0;
				TARGETED_DEVICE_FAMILY = "1,2";
				TEST_TARGET_NAME = SuperPay;
			};
			name = Release;
		};
/* End XCBuildConfiguration section */

/* Begin XCConfigurationList section */
		CF0933DC2EE85BF6009F9959 /* Build configuration list for PBXProject "SuperPay" */ = {
			isa = XCConfigurationList;
			buildConfigurations = (
				CF0934052EE85BF8009F9959 /* Debug */,
				CF0934062EE85BF8009F9959 /* Release */,
			);
			defaultConfigurationIsVisible = 0;
			defaultConfigurationName = Release;
		};
		CF0934072EE85BF8009F9959 /* Build configuration list for PBXNativeTarget "SuperPay" */ = {
			isa = XCConfigurationList;
			buildConfigurations = (
				CF0934082EE85BF8009F9959 /* Debug */,
				CF0934092EE85BF8009F9959 /* Release */,
			);
			defaultConfigurationIsVisible = 0;
			defaultConfigurationName = Release;
		};
		CF09340A2EE85BF8009F9959 /* Build configuration list for PBXNativeTarget "SuperPayTests" */ = {
			isa = XCConfigurationList;
			buildConfigurations = (
				CF09340B2EE85BF8009F9959 /* Debug */,
				CF09340C2EE85BF8009F9959 /* Release */,
			);
			defaultConfigurationIsVisible = 0;
			defaultConfigurationName = Release;
		};
		CF09340D2EE85BF8009F9959 /* Build configuration list for PBXNativeTarget "SuperPayUITests" */ = {
			isa = XCConfigurationList;
			buildConfigurations = (
				CF09340E2EE85BF8009F9959 /* Debug */,
				CF09340F2EE85BF8009F9959 /* Release */,
			);
			defaultConfigurationIsVisible = 0;
			defaultConfigurationName = Release;
		};
/* End XCConfigurationList section */
	};
	rootObject = CF0933D92EE85BF6009F9959 /* Project object */;
}
